// !$*UTF8*$!
{
	archiveVersion = 1;
	classes = {
	};
	objectVersion = 51;
	objects = {

/* Begin PBXBuildFile section */
		21DA7BF9D1394D809FE72EB4 /* Pods_Smack.framework in Frameworks */ = {isa = PBXBuildFile; fileRef = 38D7D0CB1B3455908DB2105E /* Pods_Smack.framework */; };
		9C15A219243D855100210C90 /* SWRevealViewController.m in Sources */ = {isa = PBXBuildFile; fileRef = 9C15A217243D855100210C90 /* SWRevealViewController.m */; };
		9C15A21E243E1B8700210C90 /* ChatVC.swift in Sources */ = {isa = PBXBuildFile; fileRef = 9C15A21D243E1B8700210C90 /* ChatVC.swift */; };
		9C15A220243E1B9A00210C90 /* ChannelVC.swift in Sources */ = {isa = PBXBuildFile; fileRef = 9C15A21F243E1B9A00210C90 /* ChannelVC.swift */; };
		9C15A222243E20DD00210C90 /* GradientView.swift in Sources */ = {isa = PBXBuildFile; fileRef = 9C15A221243E20DD00210C90 /* GradientView.swift */; };
		9C15A224243E4BBF00210C90 /* LoginVC.swift in Sources */ = {isa = PBXBuildFile; fileRef = 9C15A223243E4BBF00210C90 /* LoginVC.swift */; };
		9C15A227243E4C5300210C90 /* Constants.swift in Sources */ = {isa = PBXBuildFile; fileRef = 9C15A226243E4C5300210C90 /* Constants.swift */; };
		9C383528243E70090032F5B4 /* CreateAccountVC.swift in Sources */ = {isa = PBXBuildFile; fileRef = 9C383527243E70090032F5B4 /* CreateAccountVC.swift */; };
		9C60B902243D786B00B5EA5B /* AppDelegate.swift in Sources */ = {isa = PBXBuildFile; fileRef = 9C60B901243D786B00B5EA5B /* AppDelegate.swift */; };
		9C60B904243D786B00B5EA5B /* SceneDelegate.swift in Sources */ = {isa = PBXBuildFile; fileRef = 9C60B903243D786B00B5EA5B /* SceneDelegate.swift */; };
		9C60B909243D786B00B5EA5B /* Main.storyboard in Resources */ = {isa = PBXBuildFile; fileRef = 9C60B907243D786B00B5EA5B /* Main.storyboard */; };
		9C60B90B243D786B00B5EA5B /* Assets.xcassets in Resources */ = {isa = PBXBuildFile; fileRef = 9C60B90A243D786B00B5EA5B /* Assets.xcassets */; };
		9C60B90E243D786B00B5EA5B /* LaunchScreen.storyboard in Resources */ = {isa = PBXBuildFile; fileRef = 9C60B90C243D786B00B5EA5B /* LaunchScreen.storyboard */; };
/* End PBXBuildFile section */

/* Begin PBXFileReference section */
		08497DAD3E8B83C08A62CA64 /* Pods-Smack.debug.xcconfig */ = {isa = PBXFileReference; includeInIndex = 1; lastKnownFileType = text.xcconfig; name = "Pods-Smack.debug.xcconfig"; path = "Target Support Files/Pods-Smack/Pods-Smack.debug.xcconfig"; sourceTree = "<group>"; };
		1B6B7FF970F1E31C2358708C /* Pods-Smack.release.xcconfig */ = {isa = PBXFileReference; includeInIndex = 1; lastKnownFileType = text.xcconfig; name = "Pods-Smack.release.xcconfig"; path = "Target Support Files/Pods-Smack/Pods-Smack.release.xcconfig"; sourceTree = "<group>"; };
		38D7D0CB1B3455908DB2105E /* Pods_Smack.framework */ = {isa = PBXFileReference; explicitFileType = wrapper.framework; includeInIndex = 0; path = Pods_Smack.framework; sourceTree = BUILT_PRODUCTS_DIR; };
		9C15A216243D855100210C90 /* Smack-Bridging-Header.h */ = {isa = PBXFileReference; lastKnownFileType = sourcecode.c.h; path = "Smack-Bridging-Header.h"; sourceTree = "<group>"; };
		9C15A217243D855100210C90 /* SWRevealViewController.m */ = {isa = PBXFileReference; fileEncoding = 4; lastKnownFileType = sourcecode.c.objc; path = SWRevealViewController.m; sourceTree = "<group>"; };
		9C15A218243D855100210C90 /* SWRevealViewController.h */ = {isa = PBXFileReference; fileEncoding = 4; lastKnownFileType = sourcecode.c.h; path = SWRevealViewController.h; sourceTree = "<group>"; };
		9C15A21D243E1B8700210C90 /* ChatVC.swift */ = {isa = PBXFileReference; lastKnownFileType = sourcecode.swift; path = ChatVC.swift; sourceTree = "<group>"; };
		9C15A21F243E1B9A00210C90 /* ChannelVC.swift */ = {isa = PBXFileReference; lastKnownFileType = sourcecode.swift; path = ChannelVC.swift; sourceTree = "<group>"; };
		9C15A221243E20DD00210C90 /* GradientView.swift */ = {isa = PBXFileReference; lastKnownFileType = sourcecode.swift; path = GradientView.swift; sourceTree = "<group>"; };
		9C15A223243E4BBF00210C90 /* LoginVC.swift */ = {isa = PBXFileReference; lastKnownFileType = sourcecode.swift; path = LoginVC.swift; sourceTree = "<group>"; };
		9C15A226243E4C5300210C90 /* Constants.swift */ = {isa = PBXFileReference; lastKnownFileType = sourcecode.swift; path = Constants.swift; sourceTree = "<group>"; };
		9C383527243E70090032F5B4 /* CreateAccountVC.swift */ = {isa = PBXFileReference; lastKnownFileType = sourcecode.swift; path = CreateAccountVC.swift; sourceTree = "<group>"; };
		9C60B8FE243D786B00B5EA5B /* Smack.app */ = {isa = PBXFileReference; explicitFileType = wrapper.application; includeInIndex = 0; path = Smack.app; sourceTree = BUILT_PRODUCTS_DIR; };
		9C60B901243D786B00B5EA5B /* AppDelegate.swift */ = {isa = PBXFileReference; lastKnownFileType = sourcecode.swift; path = AppDelegate.swift; sourceTree = "<group>"; };
		9C60B903243D786B00B5EA5B /* SceneDelegate.swift */ = {isa = PBXFileReference; lastKnownFileType = sourcecode.swift; path = SceneDelegate.swift; sourceTree = "<group>"; };
		9C60B908243D786B00B5EA5B /* Base */ = {isa = PBXFileReference; lastKnownFileType = file.storyboard; name = Base; path = Base.lproj/Main.storyboard; sourceTree = "<group>"; };
		9C60B90A243D786B00B5EA5B /* Assets.xcassets */ = {isa = PBXFileReference; lastKnownFileType = folder.assetcatalog; path = Assets.xcassets; sourceTree = "<group>"; };
		9C60B90D243D786B00B5EA5B /* Base */ = {isa = PBXFileReference; lastKnownFileType = file.storyboard; name = Base; path = Base.lproj/LaunchScreen.storyboard; sourceTree = "<group>"; };
		9C60B90F243D786B00B5EA5B /* Info.plist */ = {isa = PBXFileReference; lastKnownFileType = text.plist.xml; path = Info.plist; sourceTree = "<group>"; };
/* End PBXFileReference section */

/* Begin PBXFrameworksBuildPhase section */
		9C60B8FB243D786B00B5EA5B /* Frameworks */ = {
			isa = PBXFrameworksBuildPhase;
			buildActionMask = 2147483647;
			files = (
				21DA7BF9D1394D809FE72EB4 /* Pods_Smack.framework in Frameworks */,
			);
			runOnlyForDeploymentPostprocessing = 0;
		};
/* End PBXFrameworksBuildPhase section */

/* Begin PBXGroup section */
		83499B14FD0DD196B8255AA1 /* Frameworks */ = {
			isa = PBXGroup;
			children = (
				38D7D0CB1B3455908DB2105E /* Pods_Smack.framework */,
			);
			name = Frameworks;
			sourceTree = "<group>";
		};
		8D07D4F7F83D9FE860F6C1A5 /* Pods */ = {
			isa = PBXGroup;
			children = (
				08497DAD3E8B83C08A62CA64 /* Pods-Smack.debug.xcconfig */,
				1B6B7FF970F1E31C2358708C /* Pods-Smack.release.xcconfig */,
			);
			path = Pods;
			sourceTree = "<group>";
		};
		9C15A215243D853C00210C90 /* Supporting Files */ = {
			isa = PBXGroup;
			children = (
				9C15A218243D855100210C90 /* SWRevealViewController.h */,
				9C15A217243D855100210C90 /* SWRevealViewController.m */,
				9C15A216243D855100210C90 /* Smack-Bridging-Header.h */,
			);
			path = "Supporting Files";
			sourceTree = "<group>";
		};
		9C15A21A243E1B4B00210C90 /* Model */ = {
			isa = PBXGroup;
			children = (
			);
			path = Model;
			sourceTree = "<group>";
		};
		9C15A21B243E1B5800210C90 /* Controller */ = {
			isa = PBXGroup;
			children = (
				9C15A21D243E1B8700210C90 /* ChatVC.swift */,
				9C15A21F243E1B9A00210C90 /* ChannelVC.swift */,
				9C15A223243E4BBF00210C90 /* LoginVC.swift */,
				9C383527243E70090032F5B4 /* CreateAccountVC.swift */,
			);
			path = Controller;
			sourceTree = "<group>";
		};
		9C15A21C243E1B5D00210C90 /* View */ = {
			isa = PBXGroup;
			children = (
				9C15A221243E20DD00210C90 /* GradientView.swift */,
			);
			path = View;
			sourceTree = "<group>";
		};
		9C15A225243E4C4100210C90 /* Utilities */ = {
			isa = PBXGroup;
			children = (
				9C15A226243E4C5300210C90 /* Constants.swift */,
			);
			path = Utilities;
			sourceTree = "<group>";
		};
		9C60B8F5243D786B00B5EA5B = {
			isa = PBXGroup;
			children = (
				9C60B900243D786B00B5EA5B /* Smack */,
				9C60B8FF243D786B00B5EA5B /* Products */,
				8D07D4F7F83D9FE860F6C1A5 /* Pods */,
				83499B14FD0DD196B8255AA1 /* Frameworks */,
			);
			sourceTree = "<group>";
		};
		9C60B8FF243D786B00B5EA5B /* Products */ = {
			isa = PBXGroup;
			children = (
				9C60B8FE243D786B00B5EA5B /* Smack.app */,
			);
			name = Products;
			sourceTree = "<group>";
		};
		9C60B900243D786B00B5EA5B /* Smack */ = {
			isa = PBXGroup;
			children = (
				9C15A225243E4C4100210C90 /* Utilities */,
				9C15A21A243E1B4B00210C90 /* Model */,
				9C15A21C243E1B5D00210C90 /* View */,
				9C15A21B243E1B5800210C90 /* Controller */,
				9C15A215243D853C00210C90 /* Supporting Files */,
				9C60B901243D786B00B5EA5B /* AppDelegate.swift */,
				9C60B903243D786B00B5EA5B /* SceneDelegate.swift */,
				9C60B907243D786B00B5EA5B /* Main.storyboard */,
				9C60B90A243D786B00B5EA5B /* Assets.xcassets */,
				9C60B90C243D786B00B5EA5B /* LaunchScreen.storyboard */,
				9C60B90F243D786B00B5EA5B /* Info.plist */,
			);
			path = Smack;
			sourceTree = "<group>";
		};
/* End PBXGroup section */

/* Begin PBXNativeTarget section */
		9C60B8FD243D786B00B5EA5B /* Smack */ = {
			isa = PBXNativeTarget;
			buildConfigurationList = 9C60B912243D786B00B5EA5B /* Build configuration list for PBXNativeTarget "Smack" */;
			buildPhases = (
				5657DCF0F775648F9587B165 /* [CP] Check Pods Manifest.lock */,
				9C60B8FA243D786B00B5EA5B /* Sources */,
				9C60B8FB243D786B00B5EA5B /* Frameworks */,
				9C60B8FC243D786B00B5EA5B /* Resources */,
				B8FC9B5698E66FC24CBF0426 /* [CP] Embed Pods Frameworks */,
			);
			buildRules = (
			);
			dependencies = (
			);
			name = Smack;
			productName = Smack;
			productReference = 9C60B8FE243D786B00B5EA5B /* Smack.app */;
			productType = "com.apple.product-type.application";
		};
/* End PBXNativeTarget section */

/* Begin PBXProject section */
		9C60B8F6243D786B00B5EA5B /* Project object */ = {
			isa = PBXProject;
			attributes = {
				LastSwiftUpdateCheck = 1140;
				LastUpgradeCheck = 1140;
				ORGANIZATIONNAME = "Nico Yeager";
				TargetAttributes = {
					9C60B8FD243D786B00B5EA5B = {
						CreatedOnToolsVersion = 11.4;
						LastSwiftMigration = 1140;
					};
				};
			};
			buildConfigurationList = 9C60B8F9243D786B00B5EA5B /* Build configuration list for PBXProject "Smack" */;
			compatibilityVersion = "Xcode 9.3";
			developmentRegion = en;
			hasScannedForEncodings = 0;
			knownRegions = (
				en,
				Base,
			);
			mainGroup = 9C60B8F5243D786B00B5EA5B;
			productRefGroup = 9C60B8FF243D786B00B5EA5B /* Products */;
			projectDirPath = "";
			projectRoot = "";
			targets = (
				9C60B8FD243D786B00B5EA5B /* Smack */,
			);
		};
/* End PBXProject section */

/* Begin PBXResourcesBuildPhase section */
		9C60B8FC243D786B00B5EA5B /* Resources */ = {
			isa = PBXResourcesBuildPhase;
			buildActionMask = 2147483647;
			files = (
				9C60B90E243D786B00B5EA5B /* LaunchScreen.storyboard in Resources */,
				9C60B90B243D786B00B5EA5B /* Assets.xcassets in Resources */,
				9C60B909243D786B00B5EA5B /* Main.storyboard in Resources */,
			);
			runOnlyForDeploymentPostprocessing = 0;
		};
/* End PBXResourcesBuildPhase section */

/* Begin PBXShellScriptBuildPhase section */
		5657DCF0F775648F9587B165 /* [CP] Check Pods Manifest.lock */ = {
			isa = PBXShellScriptBuildPhase;
			buildActionMask = 2147483647;
			files = (
			);
			inputFileListPaths = (
			);
			inputPaths = (
				"${PODS_PODFILE_DIR_PATH}/Podfile.lock",
				"${PODS_ROOT}/Manifest.lock",
			);
			name = "[CP] Check Pods Manifest.lock";
			outputFileListPaths = (
			);
			outputPaths = (
				"$(DERIVED_FILE_DIR)/Pods-Smack-checkManifestLockResult.txt",
			);
			runOnlyForDeploymentPostprocessing = 0;
			shellPath = /bin/sh;
			shellScript = "diff \"${PODS_PODFILE_DIR_PATH}/Podfile.lock\" \"${PODS_ROOT}/Manifest.lock\" > /dev/null\nif [ $? != 0 ] ; then\n    # print error to STDERR\n    echo \"error: The sandbox is not in sync with the Podfile.lock. Run 'pod install' or update your CocoaPods installation.\" >&2\n    exit 1\nfi\n# This output is used by Xcode 'outputs' to avoid re-running this script phase.\necho \"SUCCESS\" > \"${SCRIPT_OUTPUT_FILE_0}\"\n";
			showEnvVarsInLog = 0;
		};
		B8FC9B5698E66FC24CBF0426 /* [CP] Embed Pods Frameworks */ = {
			isa = PBXShellScriptBuildPhase;
			buildActionMask = 2147483647;
			files = (
			);
			inputFileListPaths = (
				"${PODS_ROOT}/Target Support Files/Pods-Smack/Pods-Smack-frameworks-${CONFIGURATION}-input-files.xcfilelist",
			);
			name = "[CP] Embed Pods Frameworks";
			outputFileListPaths = (
				"${PODS_ROOT}/Target Support Files/Pods-Smack/Pods-Smack-frameworks-${CONFIGURATION}-output-files.xcfilelist",
			);
			runOnlyForDeploymentPostprocessing = 0;
			shellPath = /bin/sh;
			shellScript = "\"${PODS_ROOT}/Target Support Files/Pods-Smack/Pods-Smack-frameworks.sh\"\n";
			showEnvVarsInLog = 0;
		};
/* End PBXShellScriptBuildPhase section */

/* Begin PBXSourcesBuildPhase section */
		9C60B8FA243D786B00B5EA5B /* Sources */ = {
			isa = PBXSourcesBuildPhase;
			buildActionMask = 2147483647;
			files = (
				9C15A21E243E1B8700210C90 /* ChatVC.swift in Sources */,
				9C60B902243D786B00B5EA5B /* AppDelegate.swift in Sources */,
				9C15A224243E4BBF00210C90 /* LoginVC.swift in Sources */,
				9C15A222243E20DD00210C90 /* GradientView.swift in Sources */,
				9C60B904243D786B00B5EA5B /* SceneDelegate.swift in Sources */,
				9C383528243E70090032F5B4 /* CreateAccountVC.swift in Sources */,
				9C15A219243D855100210C90 /* SWRevealViewController.m in Sources */,
				9C15A220243E1B9A00210C90 /* ChannelVC.swift in Sources */,
				9C15A227243E4C5300210C90 /* Constants.swift in Sources */,
			);
			runOnlyForDeploymentPostprocessing = 0;
		};
/* End PBXSourcesBuildPhase section */

/* Begin PBXVariantGroup section */
		9C60B907243D786B00B5EA5B /* Main.storyboard */ = {
			isa = PBXVariantGroup;
			children = (
				9C60B908243D786B00B5EA5B /* Base */,
			);
			name = Main.storyboard;
			sourceTree = "<group>";
		};
		9C60B90C243D786B00B5EA5B /* LaunchScreen.storyboard */ = {
			isa = PBXVariantGroup;
			children = (
				9C60B90D243D786B00B5EA5B /* Base */,
			);
			name = LaunchScreen.storyboard;
			sourceTree = "<group>";
		};
/* End PBXVariantGroup section */

/* Begin XCBuildConfiguration section */
		9C60B910243D786B00B5EA5B /* Debug */ = {
			isa = XCBuildConfiguration;
			buildSettings = {
				ALWAYS_SEARCH_USER_PATHS = NO;
				CLANG_ANALYZER_NONNULL = YES;
				CLANG_ANALYZER_NUMBER_OBJECT_CONVERSION = YES_AGGRESSIVE;
				CLANG_CXX_LANGUAGE_STANDARD = "gnu++14";
				CLANG_CXX_LIBRARY = "libc++";
				CLANG_ENABLE_MODULES = YES;
				CLANG_ENABLE_OBJC_ARC = YES;
				CLANG_ENABLE_OBJC_WEAK = YES;
				CLANG_WARN_BLOCK_CAPTURE_AUTORELEASING = YES;
				CLANG_WARN_BOOL_CONVERSION = YES;
				CLANG_WARN_COMMA = YES;
				CLANG_WARN_CONSTANT_CONVERSION = YES;
				CLANG_WARN_DEPRECATED_OBJC_IMPLEMENTATIONS = YES;
				CLANG_WARN_DIRECT_OBJC_ISA_USAGE = YES_ERROR;
				CLANG_WARN_DOCUMENTATION_COMMENTS = YES;
				CLANG_WARN_EMPTY_BODY = YES;
				CLANG_WARN_ENUM_CONVERSION = YES;
				CLANG_WARN_INFINITE_RECURSION = YES;
				CLANG_WARN_INT_CONVERSION = YES;
				CLANG_WARN_NON_LITERAL_NULL_CONVERSION = YES;
				CLANG_WARN_OBJC_IMPLICIT_RETAIN_SELF = YES;
				CLANG_WARN_OBJC_LITERAL_CONVERSION = YES;
				CLANG_WARN_OBJC_ROOT_CLASS = YES_ERROR;
				CLANG_WARN_RANGE_LOOP_ANALYSIS = YES;
				CLANG_WARN_STRICT_PROTOTYPES = YES;
				CLANG_WARN_SUSPICIOUS_MOVE = YES;
				CLANG_WARN_UNGUARDED_AVAILABILITY = YES_AGGRESSIVE;
				CLANG_WARN_UNREACHABLE_CODE = YES;
				CLANG_WARN__DUPLICATE_METHOD_MATCH = YES;
				COPY_PHASE_STRIP = NO;
				DEBUG_INFORMATION_FORMAT = dwarf;
				ENABLE_STRICT_OBJC_MSGSEND = YES;
				ENABLE_TESTABILITY = YES;
				GCC_C_LANGUAGE_STANDARD = gnu11;
				GCC_DYNAMIC_NO_PIC = NO;
				GCC_NO_COMMON_BLOCKS = YES;
				GCC_OPTIMIZATION_LEVEL = 0;
				GCC_PREPROCESSOR_DEFINITIONS = (
					"DEBUG=1",
					"$(inherited)",
				);
				GCC_WARN_64_TO_32_BIT_CONVERSION = YES;
				GCC_WARN_ABOUT_RETURN_TYPE = YES_ERROR;
				GCC_WARN_UNDECLARED_SELECTOR = YES;
				GCC_WARN_UNINITIALIZED_AUTOS = YES_AGGRESSIVE;
				GCC_WARN_UNUSED_FUNCTION = YES;
				GCC_WARN_UNUSED_VARIABLE = YES;
				IPHONEOS_DEPLOYMENT_TARGET = 13.4;
				MTL_ENABLE_DEBUG_INFO = INCLUDE_SOURCE;
				MTL_FAST_MATH = YES;
				ONLY_ACTIVE_ARCH = YES;
				SDKROOT = iphoneos;
				SWIFT_ACTIVE_COMPILATION_CONDITIONS = DEBUG;
				SWIFT_OPTIMIZATION_LEVEL = "-Onone";
			};
			name = Debug;
		};
		9C60B911243D786B00B5EA5B /* Release */ = {
			isa = XCBuildConfiguration;
			buildSettings = {
				ALWAYS_SEARCH_USER_PATHS = NO;
				CLANG_ANALYZER_NONNULL = YES;
				CLANG_ANALYZER_NUMBER_OBJECT_CONVERSION = YES_AGGRESSIVE;
				CLANG_CXX_LANGUAGE_STANDARD = "gnu++14";
				CLANG_CXX_LIBRARY = "libc++";
				CLANG_ENABLE_MODULES = YES;
				CLANG_ENABLE_OBJC_ARC = YES;
				CLANG_ENABLE_OBJC_WEAK = YES;
				CLANG_WARN_BLOCK_CAPTURE_AUTORELEASING = YES;
				CLANG_WARN_BOOL_CONVERSION = YES;
				CLANG_WARN_COMMA = YES;
				CLANG_WARN_CONSTANT_CONVERSION = YES;
				CLANG_WARN_DEPRECATED_OBJC_IMPLEMENTATIONS = YES;
				CLANG_WARN_DIRECT_OBJC_ISA_USAGE = YES_ERROR;
				CLANG_WARN_DOCUMENTATION_COMMENTS = YES;
				CLANG_WARN_EMPTY_BODY = YES;
				CLANG_WARN_ENUM_CONVERSION = YES;
				CLANG_WARN_INFINITE_RECURSION = YES;
				CLANG_WARN_INT_CONVERSION = YES;
				CLANG_WARN_NON_LITERAL_NULL_CONVERSION = YES;
				CLANG_WARN_OBJC_IMPLICIT_RETAIN_SELF = YES;
				CLANG_WARN_OBJC_LITERAL_CONVERSION = YES;
				CLANG_WARN_OBJC_ROOT_CLASS = YES_ERROR;
				CLANG_WARN_RANGE_LOOP_ANALYSIS = YES;
				CLANG_WARN_STRICT_PROTOTYPES = YES;
				CLANG_WARN_SUSPICIOUS_MOVE = YES;
				CLANG_WARN_UNGUARDED_AVAILABILITY = YES_AGGRESSIVE;
				CLANG_WARN_UNREACHABLE_CODE = YES;
				CLANG_WARN__DUPLICATE_METHOD_MATCH = YES;
				COPY_PHASE_STRIP = NO;
				DEBUG_INFORMATION_FORMAT = "dwarf-with-dsym";
				ENABLE_NS_ASSERTIONS = NO;
				ENABLE_STRICT_OBJC_MSGSEND = YES;
				GCC_C_LANGUAGE_STANDARD = gnu11;
				GCC_NO_COMMON_BLOCKS = YES;
				GCC_WARN_64_TO_32_BIT_CONVERSION = YES;
				GCC_WARN_ABOUT_RETURN_TYPE = YES_ERROR;
				GCC_WARN_UNDECLARED_SELECTOR = YES;
				GCC_WARN_UNINITIALIZED_AUTOS = YES_AGGRESSIVE;
				GCC_WARN_UNUSED_FUNCTION = YES;
				GCC_WARN_UNUSED_VARIABLE = YES;
				IPHONEOS_DEPLOYMENT_TARGET = 13.4;
				MTL_ENABLE_DEBUG_INFO = NO;
				MTL_FAST_MATH = YES;
				SDKROOT = iphoneos;
				SWIFT_COMPILATION_MODE = wholemodule;
				SWIFT_OPTIMIZATION_LEVEL = "-O";
				VALIDATE_PRODUCT = YES;
			};
			name = Release;
		};
		9C60B913243D786B00B5EA5B /* Debug */ = {
			isa = XCBuildConfiguration;
			baseConfigurationReference = 08497DAD3E8B83C08A62CA64 /* Pods-Smack.debug.xcconfig */;
			buildSettings = {
				ASSETCATALOG_COMPILER_APPICON_NAME = AppIcon;
				CLANG_ENABLE_MODULES = YES;
				CODE_SIGN_STYLE = Automatic;
				INFOPLIST_FILE = Smack/Info.plist;
				LD_RUNPATH_SEARCH_PATHS = (
					"$(inherited)",
					"@executable_path/Frameworks",
				);
				PRODUCT_BUNDLE_IDENTIFIER = "com.nico-yeager.Smack";
				PRODUCT_NAME = "$(TARGET_NAME)";
				SWIFT_OBJC_BRIDGING_HEADER = "Smack/Supporting Files/Smack-Bridging-Header.h";
				SWIFT_OPTIMIZATION_LEVEL = "-Onone";
				SWIFT_VERSION = 5.0;
				TARGETED_DEVICE_FAMILY = "1,2";
			};
			name = Debug;
		};
		9C60B914243D786B00B5EA5B /* Release */ = {
			isa = XCBuildConfiguration;
			baseConfigurationReference = 1B6B7FF970F1E31C2358708C /* Pods-Smack.release.xcconfig */;
			buildSettings = {
				ASSETCATALOG_COMPILER_APPICON_NAME = AppIcon;
				CLANG_ENABLE_MODULES = YES;
				CODE_SIGN_STYLE = Automatic;
				INFOPLIST_FILE = Smack/Info.plist;
				LD_RUNPATH_SEARCH_PATHS = (
					"$(inherited)",
					"@executable_path/Frameworks",
				);
				PRODUCT_BUNDLE_IDENTIFIER = "com.nico-yeager.Smack";
				PRODUCT_NAME = "$(TARGET_NAME)";
				SWIFT_OBJC_BRIDGING_HEADER = "Smack/Supporting Files/Smack-Bridging-Header.h";
				SWIFT_VERSION = 5.0;
				TARGETED_DEVICE_FAMILY = "1,2";
			};
			name = Release;
		};
/* End XCBuildConfiguration section */

/* Begin XCConfigurationList section */
		9C60B8F9243D786B00B5EA5B /* Build configuration list for PBXProject "Smack" */ = {
			isa = XCConfigurationList;
			buildConfigurations = (
				9C60B910243D786B00B5EA5B /* Debug */,
				9C60B911243D786B00B5EA5B /* Release */,
			);
			defaultConfigurationIsVisible = 0;
			defaultConfigurationName = Release;
		};
		9C60B912243D786B00B5EA5B /* Build configuration list for PBXNativeTarget "Smack" */ = {
			isa = XCConfigurationList;
			buildConfigurations = (
				9C60B913243D786B00B5EA5B /* Debug */,
				9C60B914243D786B00B5EA5B /* Release */,
			);
			defaultConfigurationIsVisible = 0;
			defaultConfigurationName = Release;
		};
/* End XCConfigurationList section */
	};
	rootObject = 9C60B8F6243D786B00B5EA5B /* Project object */;
}
